{
    "_meta": {
        "hash": {
            "sha256": "14036c3c9f103c52a0c5a53346ef33c2fbef409697f9eb314da51ccdd3aa9fb2"
        },
        "pipfile-spec": 6,
        "requires": {},
        "sources": [
            {
                "name": "pypi",
                "url": "https://pypi.org/simple",
                "verify_ssl": true
            }
        ]
    },
    "default": {
        "attrs": {
            "hashes": [
                "sha256:16d5969b87f0859ef33a48b35d55ac1be6e42ae49d5e853b597db70c35c57e11",
                "sha256:adcf7e2a1fb3b36ac48d97835bb6d8ade15b8dcce26aba8bf1d14847b57a3373"
            ],
            "markers": "python_version >= '3.9'",
            "version": "==25.4.0"
        },
        "importlib-metadata": {
            "hashes": [
                "sha256:d13b81ad223b890aa16c5471f2ac3056cf76c5f10f82d6f9292f0b415f389000",
                "sha256:e5dd1551894c77868a30651cef00984d50e1002d06942a7101d34870c5f02afd"
            ],
            "markers": "python_version >= '3.9'",
            "version": "==8.7.0"
        },
        "importlib-resources": {
            "hashes": [
                "sha256:4cf94875a8368bd89531a756df9a9ebe1f150e0f885030b461237bc7f2d905f2",
                "sha256:d952faee11004c045f785bb5636e8f885bed30dc3c940d5d42798a2a4541c185"
            ],
            "index": "pypi",
            "version": "==6.0.0"
        },
        "jinja2": {
            "hashes": [
                "sha256:0137fb05990d35f1275a587e9aee6d56da821fc83491a0fb838183be43f66d6d",
                "sha256:85ece4451f492d0c13c5dd7c13a64681a86afae63a5f347908daf103ce6d2f67"
            ],
            "index": "pypi",
            "markers": "python_version >= '3.7'",
            "version": "==3.1.6"
        },
        "jsonschema": {
            "hashes": [
                "sha256:0c26707e2efad8aa1bfc5b7ce170f3fccc2e4918ff85989ba9ffa9facb2be326",
                "sha256:d489f15263b8d200f8387e64b4c3a75f06629559fb73deb8fdfb525f2dab50ce"
            ],
            "index": "pypi",
            "markers": "python_version >= '3.10'",
            "version": "==4.26.0"
        },
        "jsonschema-specifications": {
            "hashes": [
                "sha256:98802fee3a11ee76ecaca44429fda8a41bff98b00a0f2838151b113f210cc6fe",
                "sha256:b540987f239e745613c7a9176f3edb72b832a4ac465cf02712288397832b5e8d"
            ],
            "markers": "python_version >= '3.9'",
            "version": "==2025.9.1"
        },
        "lxml": {
            "hashes": [
                "sha256:013090383863b72c62a702d07678b658fa2567aa58d373d963cca245b017e065",
                "sha256:032e65120339d44cdc3efc326c9f660f5f7205f3a535c1fdbf898b29ea01fb72",
                "sha256:048a930eb4572829604982e39a0c7289ab5dc8abc7fc9f5aabd6fbc08c154e93",
                "sha256:04d67ceee6db4bcb92987ccb16e53bef6b42ced872509f333c04fb58a3315256",
                "sha256:059c4cbf3973a621b62ea3132934ae737da2c132a788e6cfb9b08d63a0ef73f9",
                "sha256:0e32698462aacc5c1cf6bdfebc9c781821b7e74c79f13e5ffc8bfe27c42b1abf",
                "sha256:1676b56d48048a62ef77a250428d1f31f610763636e0784ba67a9740823988ca",
                "sha256:17f090a9bc0ce8da51a5632092f98a7e7f84bca26f33d161a98b57f7fb0004ca",
                "sha256:185efc2fed89cdd97552585c624d3c908f0464090f4b91f7d92f8ed2f3b18f54",
                "sha256:1fa377b827ca2023244a06554c6e7dc6828a10aaf74ca41965c5d8a4925aebb4",
                "sha256:2181e4b1d07dde53986023482673c0f1fba5178ef800f9ab95ad791e8bdded6a",
                "sha256:219e0431ea8006e15005767f0351e3f7f9143e793e58519dc97fe9e07fae5563",
                "sha256:21db1ec5525780fd07251636eb5f7acb84003e9382c72c18c542a87c416ade03",
                "sha256:246b40f8a4aec341cbbf52617cad8ab7c888d944bfe12a6abd2b1f6cfb6f6082",
                "sha256:2793a627e95d119e9f1e19720730472f5543a6d84c50ea33313ce328d870f2dd",
                "sha256:2930aa001a3776c3e2601cb8e0a15d21b8270528d89cc308be4843ade546b9ab",
                "sha256:2ae06fbab4f1bb7db4f7c8ca9897dc8db4447d1a2b9bee78474ad403437bcc29",
                "sha256:2b4790b558bee331a933e08883c423f65bbcd07e278f91b2272489e31ab1e2b4",
                "sha256:2cfcf84f1defed7e5798ef4f88aa25fcc52d279be731ce904789aa7ccfb7e8d2",
                "sha256:2dd1cc3ea7e60bfb31ff32cafe07e24839df573a5e7c2d33304082a5019bcd58",
                "sha256:2f34687222b78fff795feeb799a7d44eca2477c3d9d3a46ce17d51a4f383e32e",
                "sha256:310b719b695b3dd442cdfbbe64936b2f2e231bb91d998e99e6f0daf991a3eba3",
                "sha256:34190a1ec4f1e84af256495436b2d196529c3f2094f0af80202947567fdbf2e7",
                "sha256:35bc626eec405f745199200ccb5c6b36f202675d204aa29bb52e27ba2b71dea8",
                "sha256:36531f81c8214e293097cd2b7873f178997dae33d3667caaae8bdfb9666b76c0",
                "sha256:390240baeb9f415a82eefc2e13285016f9c8b5ad71ec80574ae8fa9605093cd7",
                "sha256:40442e2a4456e9910875ac12951476d36c0870dcb38a68719f8c4686609897c4",
                "sha256:4337e4aec93b7c011f7ee2e357b0d30562edd1955620fdd4aeab6aacd90d43c5",
                "sha256:43cfbb7db02b30ad3926e8fceaef260ba2fb7df787e38fa2df890c1ca7966c3b",
                "sha256:43fe5af2d590bf4691531b1d9a2495d7aab2090547eaacd224a3afec95706d76",
                "sha256:46b9ed911f36bfeb6338e0b482e7fe7c27d362c52fde29f221fddbc9ee2227e7",
                "sha256:4d23854ecf381ab1facc8f353dcd9adeddef3652268ee75297c1164c987c11dc",
                "sha256:4eb114a0754fd00075c12648d991ec7a4357f9cb873042cc9a77bf3a7e30c9db",
                "sha256:4ee56288d0df919e4aac43b539dd0e34bb55d6a12a6562038e8d6f3ed07f9e36",
                "sha256:51a5e4c61a4541bd1cd3ba74766d0c9b6c12d6a1a4964ef60026832aac8e79b3",
                "sha256:522fe7abb41309e9543b0d9b8b434f2b630c5fdaf6482bee642b34c8c70079c8",
                "sha256:54c4855eabd9fc29707d30141be99e5cd1102e7d2258d2892314cf4c110726c3",
                "sha256:5592401cdf3dc682194727c1ddaa8aa0f3ddc57ca64fd03226a430b955eab6f6",
                "sha256:58ffd35bd5425c3c3b9692d078bf7ab851441434531a7e517c4984d5634cd65b",
                "sha256:5967fe415b1920a3877a4195e9a2b779249630ee49ece22021c690320ff07452",
                "sha256:5fcd7d3b1d8ecb91445bd71b9c88bdbeae528fefee4f379895becfc72298d181",
                "sha256:63b634facdfbad421d4b61c90735688465d4ab3a8853ac22c76ccac2baf98d97",
                "sha256:690b20e3388a7ec98e899fd54c924e50ba6693874aa65ef9cb53de7f7de9d64a",
                "sha256:6da7cd4f405fd7db56e51e96bff0865b9853ae70df0e6720624049da76bde2da",
                "sha256:7488a43033c958637b1a08cddc9188eb06d3ad36582cebc7d4815980b47e27ef",
                "sha256:74e748012f8c19b47f7d6321ac929a9a94ee92ef12bc4298c47e8b7219b26541",
                "sha256:78718d8454a6e928470d511bf8ac93f469283a45c354995f7d19e77292f26108",
                "sha256:7bf61bc4345c1895221357af8f3e89f8c103d93156ef326532d35c707e2fb19d",
                "sha256:7da298e1659e45d151b4028ad5c7974917e108afb48731f4ed785d02b6818994",
                "sha256:84ef591495ffd3f9dcabffd6391db7bb70d7230b5c35ef5148354a134f56f2be",
                "sha256:85b14a4689d5cff426c12eefe750738648706ea2753b20c2f973b2a000d3d261",
                "sha256:8a2e76efbf8772add72d002d67a4c3d0958638696f541734304c7f28217a9cab",
                "sha256:8cb26f51c82d77483cdcd2b4a53cda55bbee29b3c2f3ddeb47182a2a9064e4eb",
                "sha256:8db5dc617cb937ae17ff3403c3a70a7de9df4852a046f93e71edaec678f721d0",
                "sha256:9ab542c91f5a47aaa58abdd8ea84b498e8e49fe4b883d67800017757a3eb78e8",
                "sha256:9da022c14baeec36edfcc8daf0e281e2f55b950249a455776f0d1adeeada4734",
                "sha256:9f4b481b6cc3a897adb4279216695150bbe7a44c03daba3c894f49d2037e0a24",
                "sha256:a52a4704811e2623b0324a18d41ad4b9fabf43ce5ff99b14e40a520e2190c851",
                "sha256:a55da151d0b0c6ab176b4e761670ac0e2667817a1e0dadd04a01d0561a219349",
                "sha256:a674c0948789e9136d69065cc28009c1b1874c6ea340253db58be7622ce6398f",
                "sha256:ae74f7c762270196d2dda56f8dd7309411f08a4084ff2dfcc0b095a218df2e06",
                "sha256:afd27d8629ae94c5d863e32ab0e1d5590371d296b87dae0a751fb22bf3685741",
                "sha256:b2d71cdefda9424adff9a3607ba5bbfc60ee972d73c21c7e3c19e71037574816",
                "sha256:b34339898bb556a2351a1830f88f751679f343eabf9cf05841c95b165152c9e7",
                "sha256:b372d10d17a701b0945f67be58fae4664fd056b85e0ff0fbc1e6c951cdbc0512",
                "sha256:b3c98d5b24c6095e89e03d65d5c574705be3d49c0d8ca10c17a8a4b5201b72f5",
                "sha256:b8dd6dd0e9c1992613ccda2bcb74fc9d49159dbe0f0ca4753f37527749885c25",
                "sha256:bd5913b4972681ffc9718bc2d4c53cde39ef81415e1671ff93e9aa30b46595e7",
                "sha256:c0b5fa5eda84057a4f1bbb4bb77a8c28ff20ae7ce211588d698ae453e13c6281",
                "sha256:c16304bba98f48a28ae10e32a8e75c349dd742c45156f297e16eeb1ba9287a1f",
                "sha256:c24b8efd9c0f62bad0439283c2c795ef916c5a6b75f03c17799775c7ae3c0c9e",
                "sha256:c2a5e8d207311a0170aca0eb6b160af91adc29ec121832e4ac151a57743a1e1e",
                "sha256:c352fc8f36f7e9727db17adbf93f82499457b3d7e5511368569b4c5bd155a922",
                "sha256:c86df1c9af35d903d2b52d22ea3e66db8058d21dc0f59842ca5deb0595921141",
                "sha256:ca50bd612438258a91b5b3788c6621c1f05c8c478e7951899f492be42defc0da",
                "sha256:d18a25b19ca7307045581b18b3ec9ead2b1db5ccd8719c291f0cd0a5cec6cb81",
                "sha256:d4f0c66df4386b75d2ab1e20a489f30dc7fd9a06a896d64980541506086be1f1",
                "sha256:d7ae472f74afcc47320238b5dbfd363aba111a525943c8a34a1b657c6be934c3",
                "sha256:db0efd6bae1c4730b9c863fc4f5f3c0fa3e8f05cae2c44ae141cb9dfc7d091dc",
                "sha256:dbdd7679a6f4f08152818043dbb39491d1af3332128b3752c3ec5cebc0011a72",
                "sha256:e0b1520ef900e9ef62e392dd3d7ae4f5fa224d1dd62897a792cf353eb20b6cae",
                "sha256:e2030956cf4886b10be9a0285c6802e078ec2391e1dd7ff3eb509c2c95a69b76",
                "sha256:e35e8aaaf3981489f42884b59726693de32dabfc438ac10ef4eb3409961fd402",
                "sha256:e380e85b93f148ad28ac15f8117e2fd8e5437aa7732d65e260134f83ce67911b",
                "sha256:edf6e4c8fe14dfe316939711e3ece3f9a20760aabf686051b537a7562f4da91a",
                "sha256:f3389924581d9a770c6caa4df4e74b606180869043b9073e2cec324bad6e306e",
                "sha256:f64ccf593916e93b8d36ed55401bb7fe9c7d5de3180ce2e10b08f82a8f397316",
                "sha256:f720a14aa102a38907c6d5030e3d66b3b680c3e6f6bc95473931ea3c00c59967",
                "sha256:f8d19565ae3eb956d84da3ef367aa7def14a2735d05bd275cd54c0301f0d0d6c",
                "sha256:f97487996a39cb18278ca33f7be98198f278d0bc3c5d0fd4d7b3d63646ca3c8a"
            ],
            "index": "pypi",
            "markers": "python_version >= '3.8'",
            "version": "==6.0.0"
        },
        "markdown": {
            "hashes": [
                "sha256:247b9a70dd12e27f67431ce62523e675b866d254f900c4fe75ce3dda62237c45",
                "sha256:5c83764dbd4e00bdd94d85a19b8d55ccca20fe35b2e678a1422b380324dd5f24"
            ],
            "index": "pypi",
            "markers": "python_version >= '3.9'",
            "version": "==3.8.2"
        },
        "markupsafe": {
            "hashes": [
                "sha256:0bff5e0ae4ef2e1ae4fdf2dfd5b76c75e5c2fa4132d05fc1b0dabcd20c7e28c4",
                "sha256:0f4ca02bea9a23221c0182836703cbf8930c5e9454bacce27e767509fa286a30",
                "sha256:1225beacc926f536dc82e45f8a4d68502949dc67eea90eab715dea3a21c1b5f0",
                "sha256:131a3c7689c85f5ad20f9f6fb1b866f402c445b220c19fe4308c0b147ccd2ad9",
                "sha256:15ab75ef81add55874e7ab7055e9c397312385bd9ced94920f2802310c930396",
                "sha256:1a9d3f5f0901fdec14d8d2f66ef7d035f2157240a433441719ac9a3fba440b13",
                "sha256:1c99d261bd2d5f6b59325c92c73df481e05e57f19837bdca8413b9eac4bd8028",
                "sha256:1e084f686b92e5b83186b07e8a17fc09e38fff551f3602b249881fec658d3eca",
                "sha256:2181e67807fc2fa785d0592dc2d6206c019b9502410671cc905d132a92866557",
                "sha256:2cb8438c3cbb25e220c2ab33bb226559e7afb3baec11c4f218ffa7308603c832",
                "sha256:3169b1eefae027567d1ce6ee7cae382c57fe26e82775f460f0b2778beaad66c0",
                "sha256:3809ede931876f5b2ec92eef964286840ed3540dadf803dd570c3b7e13141a3b",
                "sha256:38a9ef736c01fccdd6600705b09dc574584b89bea478200c5fbf112a6b0d5579",
                "sha256:3d79d162e7be8f996986c064d1c7c817f6df3a77fe3d6859f6f9e7be4b8c213a",
                "sha256:444dcda765c8a838eaae23112db52f1efaf750daddb2d9ca300bcae1039adc5c",
                "sha256:48032821bbdf20f5799ff537c7ac3d1fba0ba032cfc06194faffa8cda8b560ff",
                "sha256:4aa4e5faecf353ed117801a068ebab7b7e09ffb6e1d5e412dc852e0da018126c",
                "sha256:52305740fe773d09cffb16f8ed0427942901f00adedac82ec8b67752f58a1b22",
                "sha256:569511d3b58c8791ab4c2e1285575265991e6d8f8700c7be0e88f86cb0672094",
                "sha256:57cb5a3cf367aeb1d316576250f65edec5bb3be939e9247ae594b4bcbc317dfb",
                "sha256:5b02fb34468b6aaa40dfc198d813a641e3a63b98c2b05a16b9f80b7ec314185e",
                "sha256:6381026f158fdb7c72a168278597a5e3a5222e83ea18f543112b2662a9b699c5",
                "sha256:6af100e168aa82a50e186c82875a5893c5597a0c1ccdb0d8b40240b1f28b969a",
                "sha256:6c89876f41da747c8d3677a2b540fb32ef5715f97b66eeb0c6b66f5e3ef6f59d",
                "sha256:6e296a513ca3d94054c2c881cc913116e90fd030ad1c656b3869762b754f5f8a",
                "sha256:70a87b411535ccad5ef2f1df5136506a10775d267e197e4cf531ced10537bd6b",
                "sha256:7e94c425039cde14257288fd61dcfb01963e658efbc0ff54f5306b06054700f8",
                "sha256:846ade7b71e3536c4e56b386c2a47adf5741d2d8b94ec9dc3e92e5e1ee1e2225",
                "sha256:88416bd1e65dcea10bc7569faacb2c20ce071dd1f87539ca2ab364bf6231393c",
                "sha256:88b49a3b9ff31e19998750c38e030fc7bb937398b1f78cfa599aaef92d693144",
                "sha256:8c4e8c3ce11e1f92f6536ff07154f9d49677ebaaafc32db9db4620bc11ed480f",
                "sha256:8e06879fc22a25ca47312fbe7c8264eb0b662f6db27cb2d3bbbc74b1df4b9b87",
                "sha256:9025b4018f3a1314059769c7bf15441064b2207cb3f065e6ea1e7359cb46db9d",
                "sha256:93335ca3812df2f366e80509ae119189886b0f3c2b81325d39efdb84a1e2ae93",
                "sha256:9778bd8ab0a994ebf6f84c2b949e65736d5575320a17ae8984a77fab08db94cf",
                "sha256:9e2d922824181480953426608b81967de705c3cef4d1af983af849d7bd619158",
                "sha256:a123e330ef0853c6e822384873bef7507557d8e4a082961e1defa947aa59ba84",
                "sha256:a904af0a6162c73e3edcb969eeeb53a63ceeb5d8cf642fade7d39e7963a22ddb",
                "sha256:ad10d3ded218f1039f11a75f8091880239651b52e9bb592ca27de44eed242a48",
                "sha256:b424c77b206d63d500bcb69fa55ed8d0e6a3774056bdc4839fc9298a7edca171",
                "sha256:b5a6b3ada725cea8a5e634536b1b01c30bcdcd7f9c6fff4151548d5bf6b3a36c",
                "sha256:ba8062ed2cf21c07a9e295d5b8a2a5ce678b913b45fdf68c32d95d6c1291e0b6",
                "sha256:ba9527cdd4c926ed0760bc301f6728ef34d841f405abf9d4f959c478421e4efd",
                "sha256:bbcb445fa71794da8f178f0f6d66789a28d7319071af7a496d4d507ed566270d",
                "sha256:bcf3e58998965654fdaff38e58584d8937aa3096ab5354d493c77d1fdd66d7a1",
                "sha256:c0ef13eaeee5b615fb07c9a7dadb38eac06a0608b41570d8ade51c56539e509d",
                "sha256:cabc348d87e913db6ab4aa100f01b08f481097838bdddf7c7a84b7575b7309ca",
                "sha256:cdb82a876c47801bb54a690c5ae105a46b392ac6099881cdfb9f6e95e4014c6a",
                "sha256:cfad01eed2c2e0c01fd0ecd2ef42c492f7f93902e39a42fc9ee1692961443a29",
                "sha256:d16a81a06776313e817c951135cf7340a3e91e8c1ff2fac444cfd75fffa04afe",
                "sha256:d8213e09c917a951de9d09ecee036d5c7d36cb6cb7dbaece4c71a60d79fb9798",
                "sha256:e07c3764494e3776c602c1e78e298937c3315ccc9043ead7e685b7f2b8d47b3c",
                "sha256:e17c96c14e19278594aa4841ec148115f9c7615a47382ecb6b82bd8fea3ab0c8",
                "sha256:e444a31f8db13eb18ada366ab3cf45fd4b31e4db1236a4448f68778c1d1a5a2f",
                "sha256:e6a2a455bd412959b57a172ce6328d2dd1f01cb2135efda2e4576e8a23fa3b0f",
                "sha256:eaa0a10b7f72326f1372a713e73c3f739b524b3af41feb43e4921cb529f5929a",
                "sha256:eb7972a85c54febfb25b5c4b4f3af4dcc731994c7da0d8a0b4a6eb0640e1d178",
                "sha256:ee55d3edf80167e48ea11a923c7386f4669df67d7994554387f84e7d8b0a2bf0",
                "sha256:f3818cb119498c0678015754eba762e0d61e5b52d34c8b13d770f0719f7b1d79",
                "sha256:f8b3d067f2e40fe93e1ccdd6b2e1d16c43140e76f02fb1319a05cf2b79d99430",
                "sha256:fcabf5ff6eea076f859677f5f0b6b5c1a51e70a376b0579e0eadef8db48c6b50"
            ],
            "markers": "python_version >= '3.9'",
            "version": "==3.0.2"
        },
        "pkgutil-resolve-name": {
            "hashes": [
                "sha256:357d6c9e6a755653cfd78893817c0853af365dd51ec97f3d358a819373bbd174",
                "sha256:ca27cc078d25c5ad71a9de0a7a330146c4e014c2462d9af19c6b828280649c5e"
            ],
            "markers": "python_version < '3.9'",
            "version": "==1.3.10"
        },
        "pyyaml": {
            "hashes": [
                "sha256:01179a4a8559ab5de078078f37e5c1a30d76bb88519906844fd7bdea1b7729ff",
                "sha256:0833f8694549e586547b576dcfaba4a6b55b9e96098b36cdc7ebefe667dfed48",
                "sha256:0a9a2848a5b7feac301353437eb7d5957887edbf81d56e903999a75a3d743086",
                "sha256:0b69e4ce7a131fe56b7e4d770c67429700908fc0752af059838b1cfb41960e4e",
                "sha256:0ffe8360bab4910ef1b9e87fb812d8bc0a308b0d0eef8c8f44e0254ab3b07133",
                "sha256:11d8f3dd2b9c1207dcaf2ee0bbbfd5991f571186ec9cc78427ba5bd32afae4b5",
                "sha256:17e311b6c678207928d649faa7cb0d7b4c26a0ba73d41e99c4fff6b6c3276484",
                "sha256:1e2120ef853f59c7419231f3bf4e7021f1b936f6ebd222406c3b60212205d2ee",
                "sha256:1f71ea527786de97d1a0cc0eacd1defc0985dcf6b3f17bb77dcfc8c34bec4dc5",
                "sha256:23502f431948090f597378482b4812b0caae32c22213aecf3b55325e049a6c68",
                "sha256:24471b829b3bf607e04e88d79542a9d48bb037c2267d7927a874e6c205ca7e9a",
                "sha256:29717114e51c84ddfba879543fb232a6ed60086602313ca38cce623c1d62cfbf",
                "sha256:2e99c6826ffa974fe6e27cdb5ed0021786b03fc98e5ee3c5bfe1fd5015f42b99",
                "sha256:39693e1f8320ae4f43943590b49779ffb98acb81f788220ea932a6b6c51004d8",
                "sha256:3ad2a3decf9aaba3d29c8f537ac4b243e36bef957511b4766cb0057d32b0be85",
                "sha256:3b1fdb9dc17f5a7677423d508ab4f243a726dea51fa5e70992e59a7411c89d19",
                "sha256:41e4e3953a79407c794916fa277a82531dd93aad34e29c2a514c2c0c5fe971cc",
                "sha256:43fa96a3ca0d6b1812e01ced1044a003533c47f6ee8aca31724f78e93ccc089a",
                "sha256:50187695423ffe49e2deacb8cd10510bc361faac997de9efef88badc3bb9e2d1",
                "sha256:5ac9328ec4831237bec75defaf839f7d4564be1e6b25ac710bd1a96321cc8317",
                "sha256:5d225db5a45f21e78dd9358e58a98702a0302f2659a3c6cd320564b75b86f47c",
                "sha256:6395c297d42274772abc367baaa79683958044e5d3835486c16da75d2a694631",
                "sha256:688ba32a1cffef67fd2e9398a2efebaea461578b0923624778664cc1c914db5d",
                "sha256:68ccc6023a3400877818152ad9a1033e3db8625d899c72eacb5a668902e4d652",
                "sha256:70b189594dbe54f75ab3a1acec5f1e3faa7e8cf2f1e08d9b561cb41b845f69d5",
                "sha256:797b4f722ffa07cc8d62053e4cff1486fa6dc094105d13fea7b1de7d8bf71c9e",
                "sha256:7c36280e6fb8385e520936c3cb3b8042851904eba0e58d277dca80a5cfed590b",
                "sha256:7e7401d0de89a9a855c839bc697c079a4af81cf878373abd7dc625847d25cbd8",
                "sha256:80bab7bfc629882493af4aa31a4cfa43a4c57c83813253626916b8c7ada83476",
                "sha256:82d09873e40955485746739bcb8b4586983670466c23382c19cffecbf1fd8706",
                "sha256:8388ee1976c416731879ac16da0aff3f63b286ffdd57cdeb95f3f2e085687563",
                "sha256:8824b5a04a04a047e72eea5cec3bc266db09e35de6bdfe34c9436ac5ee27d237",
                "sha256:8b9c7197f7cb2738065c481a0461e50ad02f18c78cd75775628afb4d7137fb3b",
                "sha256:9056c1ecd25795207ad294bcf39f2db3d845767be0ea6e6a34d856f006006083",
                "sha256:936d68689298c36b53b29f23c6dbb74de12b4ac12ca6cfe0e047bedceea56180",
                "sha256:9b22676e8097e9e22e36d6b7bda33190d0d400f345f23d4065d48f4ca7ae0425",
                "sha256:a4d3091415f010369ae4ed1fc6b79def9416358877534caf6a0fdd2146c87a3e",
                "sha256:a8786accb172bd8afb8be14490a16625cbc387036876ab6ba70912730faf8e1f",
                "sha256:a9f8c2e67970f13b16084e04f134610fd1d374bf477b17ec1599185cf611d725",
                "sha256:bc2fa7c6b47d6bc618dd7fb02ef6fdedb1090ec036abab80d4681424b84c1183",
                "sha256:c70c95198c015b85feafc136515252a261a84561b7b1d51e3384e0655ddf25ab",
                "sha256:cc1c1159b3d456576af7a3e4d1ba7e6924cb39de8f67111c735f6fc832082774",
                "sha256:ce826d6ef20b1bc864f0a68340c8b3287705cae2f8b4b1d932177dcc76721725",
                "sha256:d584d9ec91ad65861cc08d42e834324ef890a082e591037abe114850ff7bbc3e",
                "sha256:d7fded462629cfa4b685c5416b949ebad6cec74af5e2d42905d41e257e0869f5",
                "sha256:d84a1718ee396f54f3a086ea0a66d8e552b2ab2017ef8b420e92edbc841c352d",
                "sha256:d8e03406cac8513435335dbab54c0d385e4a49e4945d2909a581c83647ca0290",
                "sha256:e10ce637b18caea04431ce14fabcf5c64a1c61ec9c56b071a4b7ca131ca52d44",
                "sha256:ec031d5d2feb36d1d1a24380e4db6d43695f3748343d99434e6f5f9156aaa2ed",
                "sha256:ef6107725bd54b262d6dedcc2af448a266975032bc85ef0172c5f059da6325b4",
                "sha256:efdca5630322a10774e8e98e1af481aad470dd62c3170801852d752aa7a783ba",
                "sha256:f753120cb8181e736c57ef7636e83f31b9c0d1722c516f7e86cf15b7aa57ff12",
                "sha256:ff3824dc5261f50c9b0dfb3be22b4567a6f938ccce4587b38952d85fd9e9afe4"
            ],
            "index": "pypi",
            "markers": "python_version >= '3.8'",
            "version": "==6.0.2"
        },
        "referencing": {
            "hashes": [
                "sha256:381329a9f99628c9069361716891d34ad94af76e461dcb0335825aecc7692231",
                "sha256:44aefc3142c5b842538163acb373e24cce6632bd54bdb01b21ad5863489f50d8"
            ],
            "markers": "python_version >= '3.10'",
            "version": "==0.37.0"
        },
        "rpds-py": {
            "hashes": [
                "sha256:07ae8a593e1c3c6b82ca3292efbe73c30b61332fd612e05abee07c79359f292f",
                "sha256:0a59119fc6e3f460315fe9d08149f8102aa322299deaa5cab5b40092345c2136",
                "sha256:0c0e95f6819a19965ff420f65578bacb0b00f251fefe2c8b23347c37174271f3",
                "sha256:0d08f00679177226c4cb8c5265012eea897c8ca3b93f429e546600c971bcbae7",
                "sha256:0ed177ed9bded28f8deb6ab40c183cd1192aa0de40c12f38be4d59cd33cb5c65",
                "sha256:12f90dd7557b6bd57f40abe7747e81e0c0b119bef015ea7726e69fe550e394a4",
                "sha256:1726859cd0de969f88dc8673bdd954185b9104e05806be64bcd87badbe313169",
                "sha256:1ab5b83dbcf55acc8b08fc62b796ef672c457b17dbd7820a11d6c52c06839bdf",
                "sha256:1b151685b23929ab7beec71080a8889d4d6d9fa9a983d213f07121205d48e2c4",
                "sha256:1f3587eb9b17f3789ad50824084fa6f81921bbf9a795826570bda82cb3ed91f2",
                "sha256:250fa00e9543ac9b97ac258bd37367ff5256666122c2d0f2bc97577c60a1818c",
                "sha256:2771c6c15973347f50fece41fc447c054b7ac2ae0502388ce3b6738cd366e3d4",
                "sha256:27f4b0e92de5bfbc6f86e43959e6edd1425c33b5e69aab0984a72047f2bcf1e3",
                "sha256:2e6ecb5a5bcacf59c3f912155044479af1d0b6681280048b338b28e364aca1f6",
                "sha256:32c8528634e1bf7121f3de08fa85b138f4e0dc47657866630611b03967f041d7",
                "sha256:33f559f3104504506a44bb666b93a33f5d33133765b0c216a5bf2f1e1503af89",
                "sha256:3896fa1be39912cf0757753826bc8bdc8ca331a28a7c4ae46b7a21280b06bb85",
                "sha256:389a2d49eded1896c3d48b0136ead37c48e221b391c052fba3f4055c367f60a6",
                "sha256:39c02563fc592411c2c61d26b6c5fe1e51eaa44a75aa2c8735ca88b0d9599daa",
                "sha256:3adbb8179ce342d235c31ab8ec511e66c73faa27a47e076ccc92421add53e2bb",
                "sha256:3d4a69de7a3e50ffc214ae16d79d8fbb0922972da0356dcf4d0fdca2878559c6",
                "sha256:3e62880792319dbeb7eb866547f2e35973289e7d5696c6e295476448f5b63c87",
                "sha256:3e8eeb0544f2eb0d2581774be4c3410356eba189529a6b3e36bbbf9696175856",
                "sha256:422c3cb9856d80b09d30d2eb255d0754b23e090034e1deb4083f8004bd0761e4",
                "sha256:4559c972db3a360808309e06a74628b95eaccbf961c335c8fe0d590cf587456f",
                "sha256:46e83c697b1f1c72b50e5ee5adb4353eef7406fb3f2043d64c33f20ad1c2fc53",
                "sha256:47b0ef6231c58f506ef0b74d44e330405caa8428e770fec25329ed2cb971a229",
                "sha256:47e77dc9822d3ad616c3d5759ea5631a75e5809d5a28707744ef79d7a1bcfcad",
                "sha256:47f236970bccb2233267d89173d3ad2703cd36a0e2a6e92d0560d333871a3d23",
                "sha256:47f9a91efc418b54fb8190a6b4aa7813a23fb79c51f4bb84e418f5476c38b8db",
                "sha256:495aeca4b93d465efde585977365187149e75383ad2684f81519f504f5c13038",
                "sha256:4c5f36a861bc4b7da6516dbdf302c55313afa09b81931e8280361a4f6c9a2d27",
                "sha256:4cc2206b76b4f576934f0ed374b10d7ca5f457858b157ca52064bdfc26b9fc00",
                "sha256:4e7fc54e0900ab35d041b0601431b0a0eb495f0851a0639b6ef90f7741b39a18",
                "sha256:51a1234d8febafdfd33a42d97da7a43f5dcb120c1060e352a3fbc0c6d36e2083",
                "sha256:55f66022632205940f1827effeff17c4fa7ae1953d2b74a8581baaefb7d16f8c",
                "sha256:58edca431fb9b29950807e301826586e5bbf24163677732429770a697ffe6738",
                "sha256:5965af57d5848192c13534f90f9dd16464f3c37aaf166cc1da1cae1fd5a34898",
                "sha256:5ba103fb455be00f3b1c2076c9d4264bfcb037c976167a6047ed82f23153f02e",
                "sha256:5d4c2aa7c50ad4728a094ebd5eb46c452e9cb7edbfdb18f9e1221f597a73e1e7",
                "sha256:61046904275472a76c8c90c9ccee9013d70a6d0f73eecefd38c1ae7c39045a08",
                "sha256:613aa4771c99f03346e54c3f038e4cc574ac09a3ddfb0e8878487335e96dead6",
                "sha256:626a7433c34566535b6e56a1b39a7b17ba961e97ce3b80ec62e6f1312c025551",
                "sha256:669b1805bd639dd2989b281be2cfd951c6121b65e729d9b843e9639ef1fd555e",
                "sha256:679ae98e00c0e8d68a7fda324e16b90fd5260945b45d3b824c892cec9eea3288",
                "sha256:67b02ec25ba7a9e8fa74c63b6ca44cf5707f2fbfadae3ee8e7494297d56aa9df",
                "sha256:68f19c879420aa08f61203801423f6cd5ac5f0ac4ac82a2368a9fcd6a9a075e0",
                "sha256:692bef75a5525db97318e8cd061542b5a79812d711ea03dbc1f6f8dbb0c5f0d2",
                "sha256:6abc8880d9d036ecaafe709079969f56e876fcf107f7a8e9920ba6d5a3878d05",
                "sha256:6bdfdb946967d816e6adf9a3d8201bfad269c67efe6cefd7093ef959683c8de0",
                "sha256:6de2a32a1665b93233cde140ff8b3467bdb9e2af2b91079f0333a0974d12d464",
                "sha256:73c67f2db7bc334e518d097c6d1e6fed021bbc9b7d678d6cc433478365d1d5f5",
                "sha256:74a3243a411126362712ee1524dfc90c650a503502f135d54d1b352bd01f2404",
                "sha256:76fec018282b4ead0364022e3c54b60bf368b9d926877957a8624b58419169b7",
                "sha256:7c64d38fb49b6cdeda16ab49e35fe0da2e1e9b34bc38bd78386530f218b37139",
                "sha256:7cee9c752c0364588353e627da8a7e808a66873672bcb5f52890c33fd965b394",
                "sha256:7e6ecfcb62edfd632e56983964e6884851786443739dbfe3582947e87274f7cb",
                "sha256:806f36b1b605e2d6a72716f321f20036b9489d29c51c91f4dd29a3e3afb73b15",
                "sha256:858738e9c32147f78b3ac24dc0edb6610000e56dc0f700fd5f651d0a0f0eb9ff",
                "sha256:8d6d1cc13664ec13c1b84241204ff3b12f9bb82464b8ad6e7a5d3486975c2eed",
                "sha256:9027da1ce107104c50c81383cae773ef5c24d296dd11c99e2629dbd7967a20c6",
                "sha256:922e10f31f303c7c920da8981051ff6d8c1a56207dbdf330d9047f6d30b70e5e",
                "sha256:945dccface01af02675628334f7cf49c2af4c1c904748efc5cf7bbdf0b579f95",
                "sha256:946fe926af6e44f3697abbc305ea168c2c31d3e3ef1058cf68f379bf0335a78d",
                "sha256:95f0802447ac2d10bcc69f6dc28fe95fdf17940367b21d34e34c737870758950",
                "sha256:9854cf4f488b3d57b9aaeb105f06d78e5529d3145b1e4a41750167e8c213c6d3",
                "sha256:993914b8e560023bc0a8bf742c5f303551992dcb85e247b1e5c7f4a7d145bda5",
                "sha256:99b47d6ad9a6da00bec6aabe5a6279ecd3c06a329d4aa4771034a21e335c3a97",
                "sha256:9a4e86e34e9ab6b667c27f3211ca48f73dba7cd3d90f8d5b11be56e5dbc3fb4e",
                "sha256:9cf69cdda1f5968a30a359aba2f7f9aa648a9ce4b580d6826437f2b291cfc86e",
                "sha256:a090322ca841abd453d43456ac34db46e8b05fd9b3b4ac0c78bcde8b089f959b",
                "sha256:a1010ed9524c73b94d15919ca4d41d8780980e1765babf85f9a2f90d247153dd",
                "sha256:a161f20d9a43006833cd7068375a94d035714d73a172b681d8881820600abfad",
                "sha256:a1d0bc22a7cdc173fedebb73ef81e07faef93692b8c1ad3733b67e31e1b6e1b8",
                "sha256:a2bffea6a4ca9f01b3f8e548302470306689684e61602aa3d141e34da06cf425",
                "sha256:a452763cc5198f2f98898eb98f7569649fe5da666c2dc6b5ddb10fde5a574221",
                "sha256:a4796a717bf12b9da9d3ad002519a86063dcac8988b030e405704ef7d74d2d9d",
                "sha256:a51033ff701fca756439d641c0ad09a41d9242fa69121c7d8769604a0a629825",
                "sha256:a8fa71a2e078c527c3e9dc9fc5a98c9db40bcc8a92b4e8858e36d329f8684b51",
                "sha256:ac37f9f516c51e5753f27dfdef11a88330f04de2d564be3991384b2f3535d02e",
                "sha256:ac98b175585ecf4c0348fd7b29c3864bda53b805c773cbf7bfdaffc8070c976f",
                "sha256:acd7eb3f4471577b9b5a41baf02a978e8bdeb08b4b355273994f8b87032000a8",
                "sha256:ad1fa8db769b76ea911cb4e10f049d80bf518c104f15b3edb2371cc65375c46f",
                "sha256:b40fb160a2db369a194cb27943582b38f79fc4887291417685f3ad693c5a1d5d",
                "sha256:b4dc1a6ff022ff85ecafef7979a2c6eb423430e05f1165d6688234e62ba99a07",
                "sha256:ba3af48635eb83d03f6c9735dfb21785303e73d22ad03d489e88adae6eab8877",
                "sha256:ba81a9203d07805435eb06f536d95a266c21e5b2dfbf6517748ca40c98d19e31",
                "sha256:c2262bdba0ad4fc6fb5545660673925c2d2a5d9e2e0fb603aad545427be0fc58",
                "sha256:c77afbd5f5250bf27bf516c7c4a016813eb2d3e116139aed0096940c5982da94",
                "sha256:ca28829ae5f5d569bb62a79512c842a03a12576375d5ece7d2cadf8abe96ec28",
                "sha256:cdc62c8286ba9bf7f47befdcea13ea0e26bf294bda99758fd90535cbaf408000",
                "sha256:d948b135c4693daff7bc2dcfc4ec57237a29bd37e60c2fabf5aff2bbacf3e2f1",
                "sha256:d96c2086587c7c30d44f31f42eae4eac89b60dabbac18c7669be3700f13c3ce1",
                "sha256:d9a0ca5da0386dee0655b4ccdf46119df60e0f10da268d04fe7cc87886872ba7",
                "sha256:da279aa314f00acbb803da1e76fa18666778e8a8f83484fba94526da5de2cba7",
                "sha256:dbd936cde57abfee19ab3213cf9c26be06d60750e60a8e4dd85d1ab12c8b1f40",
                "sha256:dc4f992dfe1e2bc3ebc7444f6c7051b4bc13cd8e33e43511e8ffd13bf407010d",
                "sha256:dc824125c72246d924f7f796b4f63c1e9dc810c7d9e2355864b3c3a73d59ade0",
                "sha256:dd8ff7cf90014af0c0f787eea34794ebf6415242ee1d6fa91eaba725cc441e84",
                "sha256:dea5b552272a944763b34394d04577cf0f9bd013207bc32323b5a89a53cf9c2f",
                "sha256:dff13836529b921e22f15cb099751209a60009731a68519630a24d61f0b1b30a",
                "sha256:e0b65193a413ccc930671c55153a03ee57cecb49e6227204b04fae512eb657a7",
                "sha256:e5d3e6b26f2c785d65cc25ef1e5267ccbe1b069c5c21b8cc724efee290554419",
                "sha256:e7536cd91353c5273434b4e003cbda89034d67e7710eab8761fd918ec6c69cf8",
                "sha256:eb0b93f2e5c2189ee831ee43f156ed34e2a89a78a66b98cadad955972548be5a",
                "sha256:eb2c4071ab598733724c08221091e8d80e89064cd472819285a9ab0f24bcedb9",
                "sha256:ec7c4490c672c1a0389d319b3a9cfcd098dcdc4783991553c332a15acf7249be",
                "sha256:ee454b2a007d57363c2dfd5b6ca4a5d7e2c518938f8ed3b706e37e5d470801ed",
                "sha256:ee6af14263f25eedc3bb918a3c04245106a42dfd4f5c2285ea6f997b1fc3f89a",
                "sha256:f14fc5df50a716f7ece6a80b6c78bb35ea2ca47c499e422aa4463455dd96d56d",
                "sha256:f207f69853edd6f6700b86efb84999651baf3789e78a466431df1331608e5324",
                "sha256:f251c812357a3fed308d684a5079ddfb9d933860fc6de89f2b7ab00da481e65f",
                "sha256:f83424d738204d9770830d35290ff3273fbb02b41f919870479fab14b9d303b2",
                "sha256:f8d1736cfb49381ba528cd5baa46f82fdc65c06e843dab24dd70b63d09121b3f",
                "sha256:fe5fa731a1fa8a0a56b0977413f8cacac1768dad38d16b3a296712709476fbd5"
            ],
            "markers": "python_version >= '3.10'",
            "version": "==0.30.0"
        },
        "typing-extensions": {
            "hashes": [
                "sha256:a439e7c04b49fec3e5d3e2beaa21755cadbbdc391694e28ccdd36ca4a1408f8c",
                "sha256:e6c81219bd689f51865d9e372991c540bda33a0379d5573cddb9a3a23f7caaef"
            ],
            "markers": "python_version >= '3.8'",
            "version": "==4.13.2"
        },
        "zipp": {
            "hashes": [
                "sha256:071652d6115ed432f5ce1d34c336c0adfd6a884660d1e9712a256d3d3bd4b14e",
                "sha256:a07157588a12518c9d4034df3fbbee09c814741a33ff63c05fa29d26a2404166"
            ],
            "markers": "python_version >= '3.9'",
            "version": "==3.23.0"
        }
    },
    "develop": {}
}
